
Microsoft Visual Studio Solution File, Format Version 12.00
# Visual Studio Version 16
VisualStudioVersion = 16.0.30517.126
MinimumVisualStudioVersion = 10.0.40219.1
Project("{FAE04EC0-301F-11D3-BF4B-00C04F79EFBC}") = "DZ_09_Properties", "DZ_09_Properties.csproj", "{C09A3BC1-D531-4648-9203-7D7096869259}"
EndProject
Global
	GlobalSection(SolutionConfigurationPlatforms) = preSolution
		Debug|Any CPU = Debug|Any CPU
		Release|Any CPU = Release|Any CPU
	EndGlobalSection
	GlobalSection(ProjectConfigurationPlatforms) = postSolution
		{C09A3BC1-D531-4648-9203-7D7096869259}.Debug|Any CPU.ActiveCfg = Debug|Any CPU
		{C09A3BC1-D531-4648-9203-7D7096869259}.Debug|Any CPU.Build.0 = Debug|Any CPU
		{C09A3BC1-D531-4648-9203-7D7096869259}.Release|Any CPU.ActiveCfg = Release|Any CPU
		{C09A3BC1-D531-4648-9203-7D7096869259}.Release|Any CPU.Build.0 = Release|Any CPU
	EndGlobalSection
	GlobalSection(SolutionProperties) = preSolution
		HideSolutionNode = FALSE
	EndGlobalSection
	GlobalSection(ExtensibilityGlobals) = postSolution
		SolutionGuid = {1E727AFD-FCAA-417E-A181-97710AF6BCD2}
	EndGlobalSection
EndGlobal
